
Microsoft Visual Studio Solution File, Format Version 12.00
# Visual Studio Version 16
VisualStudioVersion = 16.0.31112.23
MinimumVisualStudioVersion = 10.0.40219.1
Project("{9A19103F-16F7-4668-BE54-9A1E7A4F7556}") = "GadgetsVN.Web", "GadgetsVN.Web\GadgetsVN.Web.csproj", "{4389A9EF-EB46-4983-BF41-3A92D6ECCD7D}"
EndProject
Project("{FAE04EC0-301F-11D3-BF4B-00C04F79EFBC}") = "GadgetsVN.Data", "GadgetsVN.Data\GadgetsVN.Data.csproj", "{6E55A412-CA01-4F42-8AFC-77D8D9222796}"
EndProject
Project("{FAE04EC0-301F-11D3-BF4B-00C04F79EFBC}") = "GadgetsVN.Models", "GadgetsVN.Models\GadgetsVN.Models.csproj", "{7F247A17-A2DE-4210-969B-64C880C17FD8}"
EndProject
Project("{FAE04EC0-301F-11D3-BF4B-00C04F79EFBC}") = "GadgetsVN.Common", "GadgetsVN.Common\GadgetsVN.Common.csproj", "{4EF567F4-B027-48AC-A240-EA4FCA638E94}"
EndProject
Project("{FAE04EC0-301F-11D3-BF4B-00C04F79EFBC}") = "GadgetsVN.Services", "GadgetsVN.Services\GadgetsVN.Services.csproj", "{96B3DC8A-4BC3-49DD-8F02-94115B3BE4E8}"
EndProject
Global
	GlobalSection(SolutionConfigurationPlatforms) = preSolution
		Debug|Any CPU = Debug|Any CPU
		Release|Any CPU = Release|Any CPU
	EndGlobalSection
	GlobalSection(ProjectConfigurationPlatforms) = postSolution
		{4389A9EF-EB46-4983-BF41-3A92D6ECCD7D}.Debug|Any CPU.ActiveCfg = Debug|Any CPU
		{4389A9EF-EB46-4983-BF41-3A92D6ECCD7D}.Debug|Any CPU.Build.0 = Debug|Any CPU
		{4389A9EF-EB46-4983-BF41-3A92D6ECCD7D}.Release|Any CPU.ActiveCfg = Release|Any CPU
		{4389A9EF-EB46-4983-BF41-3A92D6ECCD7D}.Release|Any CPU.Build.0 = Release|Any CPU
		{6E55A412-CA01-4F42-8AFC-77D8D9222796}.Debug|Any CPU.ActiveCfg = Debug|Any CPU
		{6E55A412-CA01-4F42-8AFC-77D8D9222796}.Debug|Any CPU.Build.0 = Debug|Any CPU
		{6E55A412-CA01-4F42-8AFC-77D8D9222796}.Release|Any CPU.ActiveCfg = Release|Any CPU
		{6E55A412-CA01-4F42-8AFC-77D8D9222796}.Release|Any CPU.Build.0 = Release|Any CPU
		{7F247A17-A2DE-4210-969B-64C880C17FD8}.Debug|Any CPU.ActiveCfg = Debug|Any CPU
		{7F247A17-A2DE-4210-969B-64C880C17FD8}.Debug|Any CPU.Build.0 = Debug|Any CPU
		{7F247A17-A2DE-4210-969B-64C880C17FD8}.Release|Any CPU.ActiveCfg = Release|Any CPU
		{7F247A17-A2DE-4210-969B-64C880C17FD8}.Release|Any CPU.Build.0 = Release|Any CPU
		{4EF567F4-B027-48AC-A240-EA4FCA638E94}.Debug|Any CPU.ActiveCfg = Debug|Any CPU
		{4EF567F4-B027-48AC-A240-EA4FCA638E94}.Debug|Any CPU.Build.0 = Debug|Any CPU
		{4EF567F4-B027-48AC-A240-EA4FCA638E94}.Release|Any CPU.ActiveCfg = Release|Any CPU
		{4EF567F4-B027-48AC-A240-EA4FCA638E94}.Release|Any CPU.Build.0 = Release|Any CPU
		{96B3DC8A-4BC3-49DD-8F02-94115B3BE4E8}.Debug|Any CPU.ActiveCfg = Debug|Any CPU
		{96B3DC8A-4BC3-49DD-8F02-94115B3BE4E8}.Debug|Any CPU.Build.0 = Debug|Any CPU
		{96B3DC8A-4BC3-49DD-8F02-94115B3BE4E8}.Release|Any CPU.ActiveCfg = Release|Any CPU
		{96B3DC8A-4BC3-49DD-8F02-94115B3BE4E8}.Release|Any CPU.Build.0 = Release|Any CPU
	EndGlobalSection
	GlobalSection(SolutionProperties) = preSolution
		HideSolutionNode = FALSE
	EndGlobalSection
	GlobalSection(ExtensibilityGlobals) = postSolution
		SolutionGuid = {A721F46C-8DE1-4FBB-BB68-F5BAAA076CEB}
	EndGlobalSection
EndGlobal
